
Microsoft Visual Studio Solution File, Format Version 12.00
# Visual Studio Version 17
VisualStudioVersion = 17.7.34031.279
MinimumVisualStudioVersion = 10.0.40219.1
Project("{9A19103F-16F7-4668-BE54-9A1E7A4F7556}") = "Assignment4", "Assignment1\Assignment4.csproj", "{28F9C6A1-493A-49BF-A934-A81B43828DA0}"
EndProject
Project("{9A19103F-16F7-4668-BE54-9A1E7A4F7556}") = "myLibrary", "myLibrary\myLibrary.csproj", "{E25F262F-6543-46A6-8AE3-9681F658A8E4}"
EndProject
Project("{FAE04EC0-301F-11D3-BF4B-00C04F79EFBC}") = "Assigment1", "Assigment1\Assigment1.csproj", "{5DD6CCE2-BFCE-47D0-978F-87482DC6E82F}"
EndProject
Project("{FAE04EC0-301F-11D3-BF4B-00C04F79EFBC}") = "Assigment2", "Assigment2\Assigment2.csproj", "{698EA797-8BBC-41AA-83A3-A41B5A5AF482}"
EndProject
Global
	GlobalSection(SolutionConfigurationPlatforms) = preSolution
		Debug|Any CPU = Debug|Any CPU
		Release|Any CPU = Release|Any CPU
	EndGlobalSection
	GlobalSection(ProjectConfigurationPlatforms) = postSolution
		{28F9C6A1-493A-49BF-A934-A81B43828DA0}.Debug|Any CPU.ActiveCfg = Debug|Any CPU
		{28F9C6A1-493A-49BF-A934-A81B43828DA0}.Debug|Any CPU.Build.0 = Debug|Any CPU
		{28F9C6A1-493A-49BF-A934-A81B43828DA0}.Release|Any CPU.ActiveCfg = Release|Any CPU
		{28F9C6A1-493A-49BF-A934-A81B43828DA0}.Release|Any CPU.Build.0 = Release|Any CPU
		{E25F262F-6543-46A6-8AE3-9681F658A8E4}.Debug|Any CPU.ActiveCfg = Debug|Any CPU
		{E25F262F-6543-46A6-8AE3-9681F658A8E4}.Debug|Any CPU.Build.0 = Debug|Any CPU
		{E25F262F-6543-46A6-8AE3-9681F658A8E4}.Release|Any CPU.ActiveCfg = Release|Any CPU
		{E25F262F-6543-46A6-8AE3-9681F658A8E4}.Release|Any CPU.Build.0 = Release|Any CPU
		{5DD6CCE2-BFCE-47D0-978F-87482DC6E82F}.Debug|Any CPU.ActiveCfg = Debug|Any CPU
		{5DD6CCE2-BFCE-47D0-978F-87482DC6E82F}.Debug|Any CPU.Build.0 = Debug|Any CPU
		{5DD6CCE2-BFCE-47D0-978F-87482DC6E82F}.Release|Any CPU.ActiveCfg = Release|Any CPU
		{5DD6CCE2-BFCE-47D0-978F-87482DC6E82F}.Release|Any CPU.Build.0 = Release|Any CPU
		{698EA797-8BBC-41AA-83A3-A41B5A5AF482}.Debug|Any CPU.ActiveCfg = Debug|Any CPU
		{698EA797-8BBC-41AA-83A3-A41B5A5AF482}.Debug|Any CPU.Build.0 = Debug|Any CPU
		{698EA797-8BBC-41AA-83A3-A41B5A5AF482}.Release|Any CPU.ActiveCfg = Release|Any CPU
		{698EA797-8BBC-41AA-83A3-A41B5A5AF482}.Release|Any CPU.Build.0 = Release|Any CPU
	EndGlobalSection
	GlobalSection(SolutionProperties) = preSolution
		HideSolutionNode = FALSE
	EndGlobalSection
	GlobalSection(ExtensibilityGlobals) = postSolution
		SolutionGuid = {62451C91-C441-472D-AB96-132C336B26BE}
	EndGlobalSection
EndGlobal
